
Microsoft Visual Studio Solution File, Format Version 12.00
# Visual Studio Version 17
VisualStudioVersion = 17.10.34916.146
MinimumVisualStudioVersion = 10.0.40219.1
Project("{FAE04EC0-301F-11D3-BF4B-00C04F79EFBC}") = "StyleOps", "StyleOps.csproj", "{6FDA9778-5BDE-432B-BE1B-9E2DDC3F0ECB}"
EndProject
Global
	GlobalSection(SolutionConfigurationPlatforms) = preSolution
		Debug|Any CPU = Debug|Any CPU
		Release|Any CPU = Release|Any CPU
	EndGlobalSection
	GlobalSection(ProjectConfigurationPlatforms) = postSolution
		{6FDA9778-5BDE-432B-BE1B-9E2DDC3F0ECB}.Debug|Any CPU.ActiveCfg = Debug|Any CPU
		{6FDA9778-5BDE-432B-BE1B-9E2DDC3F0ECB}.Debug|Any CPU.Build.0 = Debug|Any CPU
		{6FDA9778-5BDE-432B-BE1B-9E2DDC3F0ECB}.Debug|Any CPU.Deploy.0 = Debug|Any CPU
		{6FDA9778-5BDE-432B-BE1B-9E2DDC3F0ECB}.Release|Any CPU.ActiveCfg = Release|Any CPU
		{6FDA9778-5BDE-432B-BE1B-9E2DDC3F0ECB}.Release|Any CPU.Build.0 = Release|Any CPU
		{6FDA9778-5BDE-432B-BE1B-9E2DDC3F0ECB}.Release|Any CPU.Deploy.0 = Release|Any CPU
	EndGlobalSection
	GlobalSection(SolutionProperties) = preSolution
		HideSolutionNode = FALSE
	EndGlobalSection
	GlobalSection(ExtensibilityGlobals) = postSolution
		SolutionGuid = {D3BCDB05-7CA5-47EB-B621-58819EBCE25A}
	EndGlobalSection
EndGlobal
